{
  "name": "narucime-tests",
  "version": "1.0.0",
  "lockfileVersion": 1,
  "requires": true,
  "dependencies": {
    "cypress-localstorage-commands": {
      "version": "1.2.4",
      "resolved": "https://registry.npmjs.org/cypress-localstorage-commands/-/cypress-localstorage-commands-1.2.4.tgz",
      "integrity": "sha512-5qrQNTopI11BCxItBmNYD7hXQofn5ANHWmxrDKKAeo6o3HFHi8onJSTlSJ2Ouwcq3Z9k4Pz3H2CiYiuQF/00yw=="
    },
    "cypress-pipe": {
      "version": "2.0.0",
      "resolved": "https://registry.npmjs.org/cypress-pipe/-/cypress-pipe-2.0.0.tgz",
      "integrity": "sha512-KW9s+bz4tFLucH3rBGfjW+Q12n7S4QpUSSyxiGrgPOfoHlbYWzAGB3H26MO0VTojqf9NVvfd5Kt0MH5XMgbfyg=="
    },
    "cypress-wait-until": {
      "version": "1.7.1",
      "resolved": "https://registry.npmjs.org/cypress-wait-until/-/cypress-wait-until-1.7.1.tgz",
      "integrity": "sha512-8DL5IsBTbAxBjfYgCzdbohPq/bY+IKc63fxtso1C8RWhLnQkZbVESyaclNr76jyxfId6uyzX8+Xnt0ZwaXNtkA=="
    },
    "typescript": {
      "version": "4.0.5",
      "resolved": "https://registry.npmjs.org/typescript/-/typescript-4.0.5.tgz",
      "integrity": "sha512-ywmr/VrTVCmNTJ6iV2LwIrfG1P+lv6luD8sUJs+2eI9NLGigaN+nUQc13iHqisq7bra9lnmUSYqbJvegraBOPQ=="
    }
  }
}
